
Microsoft Visual Studio Solution File, Format Version 12.00
# Visual Studio Version 16
VisualStudioVersion = 16.0.28922.388
MinimumVisualStudioVersion = 10.0.40219.1
Project("{FAE04EC0-301F-11D3-BF4B-00C04F79EFBC}") = "AviaGetPhoneSize", "AviaGetPhoneSize\AviaGetPhoneSize.csproj", "{C7D0E1F3-DE86-44AC-A7F5-3463CA41E6EA}"
EndProject
Global
	GlobalSection(SolutionConfigurationPlatforms) = preSolution
		Debug|Any CPU = Debug|Any CPU
		Release|Any CPU = Release|Any CPU
	EndGlobalSection
	GlobalSection(ProjectConfigurationPlatforms) = postSolution
		{C7D0E1F3-DE86-44AC-A7F5-3463CA41E6EA}.Debug|Any CPU.ActiveCfg = Debug|Any CPU
		{C7D0E1F3-DE86-44AC-A7F5-3463CA41E6EA}.Debug|Any CPU.Build.0 = Debug|Any CPU
		{C7D0E1F3-DE86-44AC-A7F5-3463CA41E6EA}.Release|Any CPU.ActiveCfg = Release|Any CPU
		{C7D0E1F3-DE86-44AC-A7F5-3463CA41E6EA}.Release|Any CPU.Build.0 = Release|Any CPU
	EndGlobalSection
	GlobalSection(SolutionProperties) = preSolution
		HideSolutionNode = FALSE
	EndGlobalSection
	GlobalSection(ExtensibilityGlobals) = postSolution
		SolutionGuid = {823EBA7A-6BD7-49E1-916B-9E9D8DEDBC8D}
	EndGlobalSection
EndGlobal
